
Microsoft Visual Studio Solution File, Format Version 12.00
# Visual Studio 15
VisualStudioVersion = 15.0.28307.489
MinimumVisualStudioVersion = 10.0.40219.1
Project("{FAE04EC0-301F-11D3-BF4B-00C04F79EFBC}") = "SiggaBlog.Android", "SiggaBlog\SiggaBlog.Android\SiggaBlog.Android.csproj", "{D2569FD8-C28E-4522-9C33-37C155923F33}"
EndProject
Project("{FAE04EC0-301F-11D3-BF4B-00C04F79EFBC}") = "SiggaBlog.iOS", "SiggaBlog\SiggaBlog.iOS\SiggaBlog.iOS.csproj", "{DDCC71C8-1594-4237-A952-0F4102A6306B}"
EndProject
Project("{9A19103F-16F7-4668-BE54-9A1E7A4F7556}") = "SiggaBlog", "SiggaBlog\SiggaBlog\SiggaBlog.csproj", "{B0A28F2F-0518-4889-A88D-2F00E45C1C65}"
EndProject
Project("{2150E333-8FDC-42A3-9474-1A3956D46DE8}") = "Solution Items", "Solution Items", "{859B3772-E02D-4393-A6D6-B79D4C95476B}"
	ProjectSection(SolutionItems) = preProject
		README.md = README.md
	EndProjectSection
EndProject
Global
	GlobalSection(SolutionConfigurationPlatforms) = preSolution
		Ad-Hoc|Any CPU = Ad-Hoc|Any CPU
		Ad-Hoc|iPhone = Ad-Hoc|iPhone
		Ad-Hoc|iPhoneSimulator = Ad-Hoc|iPhoneSimulator
		AppStore|Any CPU = AppStore|Any CPU
		AppStore|iPhone = AppStore|iPhone
		AppStore|iPhoneSimulator = AppStore|iPhoneSimulator
		Debug|Any CPU = Debug|Any CPU
		Debug|iPhone = Debug|iPhone
		Debug|iPhoneSimulator = Debug|iPhoneSimulator
		Release|Any CPU = Release|Any CPU
		Release|iPhone = Release|iPhone
		Release|iPhoneSimulator = Release|iPhoneSimulator
	EndGlobalSection
	GlobalSection(ProjectConfigurationPlatforms) = postSolution
		{D2569FD8-C28E-4522-9C33-37C155923F33}.Ad-Hoc|Any CPU.ActiveCfg = Release|Any CPU
		{D2569FD8-C28E-4522-9C33-37C155923F33}.Ad-Hoc|Any CPU.Build.0 = Release|Any CPU
		{D2569FD8-C28E-4522-9C33-37C155923F33}.Ad-Hoc|Any CPU.Deploy.0 = Release|Any CPU
		{D2569FD8-C28E-4522-9C33-37C155923F33}.Ad-Hoc|iPhone.ActiveCfg = Release|Any CPU
		{D2569FD8-C28E-4522-9C33-37C155923F33}.Ad-Hoc|iPhone.Build.0 = Release|Any CPU
		{D2569FD8-C28E-4522-9C33-37C155923F33}.Ad-Hoc|iPhone.Deploy.0 = Release|Any CPU
		{D2569FD8-C28E-4522-9C33-37C155923F33}.Ad-Hoc|iPhoneSimulator.ActiveCfg = Release|Any CPU
		{D2569FD8-C28E-4522-9C33-37C155923F33}.Ad-Hoc|iPhoneSimulator.Build.0 = Release|Any CPU
		{D2569FD8-C28E-4522-9C33-37C155923F33}.Ad-Hoc|iPhoneSimulator.Deploy.0 = Release|Any CPU
		{D2569FD8-C28E-4522-9C33-37C155923F33}.AppStore|Any CPU.ActiveCfg = Release|Any CPU
		{D2569FD8-C28E-4522-9C33-37C155923F33}.AppStore|Any CPU.Build.0 = Release|Any CPU
		{D2569FD8-C28E-4522-9C33-37C155923F33}.AppStore|Any CPU.Deploy.0 = Release|Any CPU
		{D2569FD8-C28E-4522-9C33-37C155923F33}.AppStore|iPhone.ActiveCfg = Release|Any CPU
		{D2569FD8-C28E-4522-9C33-37C155923F33}.AppStore|iPhone.Build.0 = Release|Any CPU
		{D2569FD8-C28E-4522-9C33-37C155923F33}.AppStore|iPhone.Deploy.0 = Release|Any CPU
		{D2569FD8-C28E-4522-9C33-37C155923F33}.AppStore|iPhoneSimulator.ActiveCfg = Release|Any CPU
		{D2569FD8-C28E-4522-9C33-37C155923F33}.AppStore|iPhoneSimulator.Build.0 = Release|Any CPU
		{D2569FD8-C28E-4522-9C33-37C155923F33}.AppStore|iPhoneSimulator.Deploy.0 = Release|Any CPU
		{D2569FD8-C28E-4522-9C33-37C155923F33}.Debug|Any CPU.ActiveCfg = Debug|Any CPU
		{D2569FD8-C28E-4522-9C33-37C155923F33}.Debug|Any CPU.Build.0 = Debug|Any CPU
		{D2569FD8-C28E-4522-9C33-37C155923F33}.Debug|Any CPU.Deploy.0 = Debug|Any CPU
		{D2569FD8-C28E-4522-9C33-37C155923F33}.Debug|iPhone.ActiveCfg = Debug|Any CPU
		{D2569FD8-C28E-4522-9C33-37C155923F33}.Debug|iPhone.Build.0 = Debug|Any CPU
		{D2569FD8-C28E-4522-9C33-37C155923F33}.Debug|iPhone.Deploy.0 = Debug|Any CPU
		{D2569FD8-C28E-4522-9C33-37C155923F33}.Debug|iPhoneSimulator.ActiveCfg = Debug|Any CPU
		{D2569FD8-C28E-4522-9C33-37C155923F33}.Debug|iPhoneSimulator.Build.0 = Debug|Any CPU
		{D2569FD8-C28E-4522-9C33-37C155923F33}.Debug|iPhoneSimulator.Deploy.0 = Debug|Any CPU
		{D2569FD8-C28E-4522-9C33-37C155923F33}.Release|Any CPU.ActiveCfg = Release|Any CPU
		{D2569FD8-C28E-4522-9C33-37C155923F33}.Release|Any CPU.Build.0 = Release|Any CPU
		{D2569FD8-C28E-4522-9C33-37C155923F33}.Release|Any CPU.Deploy.0 = Release|Any CPU
		{D2569FD8-C28E-4522-9C33-37C155923F33}.Release|iPhone.ActiveCfg = Release|Any CPU
		{D2569FD8-C28E-4522-9C33-37C155923F33}.Release|iPhone.Build.0 = Release|Any CPU
		{D2569FD8-C28E-4522-9C33-37C155923F33}.Release|iPhone.Deploy.0 = Release|Any CPU
		{D2569FD8-C28E-4522-9C33-37C155923F33}.Release|iPhoneSimulator.ActiveCfg = Release|Any CPU
		{D2569FD8-C28E-4522-9C33-37C155923F33}.Release|iPhoneSimulator.Build.0 = Release|Any CPU
		{D2569FD8-C28E-4522-9C33-37C155923F33}.Release|iPhoneSimulator.Deploy.0 = Release|Any CPU
		{DDCC71C8-1594-4237-A952-0F4102A6306B}.Ad-Hoc|Any CPU.ActiveCfg = Ad-Hoc|iPhone
		{DDCC71C8-1594-4237-A952-0F4102A6306B}.Ad-Hoc|Any CPU.Build.0 = Ad-Hoc|iPhone
		{DDCC71C8-1594-4237-A952-0F4102A6306B}.Ad-Hoc|Any CPU.Deploy.0 = Ad-Hoc|iPhone
		{DDCC71C8-1594-4237-A952-0F4102A6306B}.Ad-Hoc|iPhone.ActiveCfg = Ad-Hoc|iPhone
		{DDCC71C8-1594-4237-A952-0F4102A6306B}.Ad-Hoc|iPhone.Build.0 = Ad-Hoc|iPhone
		{DDCC71C8-1594-4237-A952-0F4102A6306B}.Ad-Hoc|iPhone.Deploy.0 = Ad-Hoc|iPhone
		{DDCC71C8-1594-4237-A952-0F4102A6306B}.Ad-Hoc|iPhoneSimulator.ActiveCfg = Ad-Hoc|iPhoneSimulator
		{DDCC71C8-1594-4237-A952-0F4102A6306B}.Ad-Hoc|iPhoneSimulator.Build.0 = Ad-Hoc|iPhoneSimulator
		{DDCC71C8-1594-4237-A952-0F4102A6306B}.Ad-Hoc|iPhoneSimulator.Deploy.0 = Ad-Hoc|iPhoneSimulator
		{DDCC71C8-1594-4237-A952-0F4102A6306B}.AppStore|Any CPU.ActiveCfg = AppStore|iPhone
		{DDCC71C8-1594-4237-A952-0F4102A6306B}.AppStore|Any CPU.Build.0 = AppStore|iPhone
		{DDCC71C8-1594-4237-A952-0F4102A6306B}.AppStore|Any CPU.Deploy.0 = AppStore|iPhone
		{DDCC71C8-1594-4237-A952-0F4102A6306B}.AppStore|iPhone.ActiveCfg = AppStore|iPhone
		{DDCC71C8-1594-4237-A952-0F4102A6306B}.AppStore|iPhone.Build.0 = AppStore|iPhone
		{DDCC71C8-1594-4237-A952-0F4102A6306B}.AppStore|iPhone.Deploy.0 = AppStore|iPhone
		{DDCC71C8-1594-4237-A952-0F4102A6306B}.AppStore|iPhoneSimulator.ActiveCfg = AppStore|iPhoneSimulator
		{DDCC71C8-1594-4237-A952-0F4102A6306B}.AppStore|iPhoneSimulator.Build.0 = AppStore|iPhoneSimulator
		{DDCC71C8-1594-4237-A952-0F4102A6306B}.AppStore|iPhoneSimulator.Deploy.0 = AppStore|iPhoneSimulator
		{DDCC71C8-1594-4237-A952-0F4102A6306B}.Debug|Any CPU.ActiveCfg = Debug|iPhoneSimulator
		{DDCC71C8-1594-4237-A952-0F4102A6306B}.Debug|Any CPU.Build.0 = Debug|iPhoneSimulator
		{DDCC71C8-1594-4237-A952-0F4102A6306B}.Debug|Any CPU.Deploy.0 = Debug|iPhoneSimulator
		{DDCC71C8-1594-4237-A952-0F4102A6306B}.Debug|iPhone.ActiveCfg = Debug|iPhone
		{DDCC71C8-1594-4237-A952-0F4102A6306B}.Debug|iPhone.Build.0 = Debug|iPhone
		{DDCC71C8-1594-4237-A952-0F4102A6306B}.Debug|iPhone.Deploy.0 = Debug|iPhone
		{DDCC71C8-1594-4237-A952-0F4102A6306B}.Debug|iPhoneSimulator.ActiveCfg = Debug|iPhoneSimulator
		{DDCC71C8-1594-4237-A952-0F4102A6306B}.Debug|iPhoneSimulator.Build.0 = Debug|iPhoneSimulator
		{DDCC71C8-1594-4237-A952-0F4102A6306B}.Debug|iPhoneSimulator.Deploy.0 = Debug|iPhoneSimulator
		{DDCC71C8-1594-4237-A952-0F4102A6306B}.Release|Any CPU.ActiveCfg = Release|iPhone
		{DDCC71C8-1594-4237-A952-0F4102A6306B}.Release|Any CPU.Build.0 = Release|iPhone
		{DDCC71C8-1594-4237-A952-0F4102A6306B}.Release|Any CPU.Deploy.0 = Release|iPhone
		{DDCC71C8-1594-4237-A952-0F4102A6306B}.Release|iPhone.ActiveCfg = Release|iPhone
		{DDCC71C8-1594-4237-A952-0F4102A6306B}.Release|iPhone.Build.0 = Release|iPhone
		{DDCC71C8-1594-4237-A952-0F4102A6306B}.Release|iPhone.Deploy.0 = Release|iPhone
		{DDCC71C8-1594-4237-A952-0F4102A6306B}.Release|iPhoneSimulator.ActiveCfg = Release|iPhoneSimulator
		{DDCC71C8-1594-4237-A952-0F4102A6306B}.Release|iPhoneSimulator.Build.0 = Release|iPhoneSimulator
		{DDCC71C8-1594-4237-A952-0F4102A6306B}.Release|iPhoneSimulator.Deploy.0 = Release|iPhoneSimulator
		{B0A28F2F-0518-4889-A88D-2F00E45C1C65}.Ad-Hoc|Any CPU.ActiveCfg = Debug|Any CPU
		{B0A28F2F-0518-4889-A88D-2F00E45C1C65}.Ad-Hoc|Any CPU.Build.0 = Debug|Any CPU
		{B0A28F2F-0518-4889-A88D-2F00E45C1C65}.Ad-Hoc|Any CPU.Deploy.0 = Debug|Any CPU
		{B0A28F2F-0518-4889-A88D-2F00E45C1C65}.Ad-Hoc|iPhone.ActiveCfg = Debug|Any CPU
		{B0A28F2F-0518-4889-A88D-2F00E45C1C65}.Ad-Hoc|iPhone.Build.0 = Debug|Any CPU
		{B0A28F2F-0518-4889-A88D-2F00E45C1C65}.Ad-Hoc|iPhone.Deploy.0 = Debug|Any CPU
		{B0A28F2F-0518-4889-A88D-2F00E45C1C65}.Ad-Hoc|iPhoneSimulator.ActiveCfg = Debug|Any CPU
		{B0A28F2F-0518-4889-A88D-2F00E45C1C65}.Ad-Hoc|iPhoneSimulator.Build.0 = Debug|Any CPU
		{B0A28F2F-0518-4889-A88D-2F00E45C1C65}.Ad-Hoc|iPhoneSimulator.Deploy.0 = Debug|Any CPU
		{B0A28F2F-0518-4889-A88D-2F00E45C1C65}.AppStore|Any CPU.ActiveCfg = Debug|Any CPU
		{B0A28F2F-0518-4889-A88D-2F00E45C1C65}.AppStore|Any CPU.Build.0 = Debug|Any CPU
		{B0A28F2F-0518-4889-A88D-2F00E45C1C65}.AppStore|Any CPU.Deploy.0 = Debug|Any CPU
		{B0A28F2F-0518-4889-A88D-2F00E45C1C65}.AppStore|iPhone.ActiveCfg = Debug|Any CPU
		{B0A28F2F-0518-4889-A88D-2F00E45C1C65}.AppStore|iPhone.Build.0 = Debug|Any CPU
		{B0A28F2F-0518-4889-A88D-2F00E45C1C65}.AppStore|iPhone.Deploy.0 = Debug|Any CPU
		{B0A28F2F-0518-4889-A88D-2F00E45C1C65}.AppStore|iPhoneSimulator.ActiveCfg = Debug|Any CPU
		{B0A28F2F-0518-4889-A88D-2F00E45C1C65}.AppStore|iPhoneSimulator.Build.0 = Debug|Any CPU
		{B0A28F2F-0518-4889-A88D-2F00E45C1C65}.AppStore|iPhoneSimulator.Deploy.0 = Debug|Any CPU
		{B0A28F2F-0518-4889-A88D-2F00E45C1C65}.Debug|Any CPU.ActiveCfg = Debug|Any CPU
		{B0A28F2F-0518-4889-A88D-2F00E45C1C65}.Debug|Any CPU.Build.0 = Debug|Any CPU
		{B0A28F2F-0518-4889-A88D-2F00E45C1C65}.Debug|Any CPU.Deploy.0 = Debug|Any CPU
		{B0A28F2F-0518-4889-A88D-2F00E45C1C65}.Debug|iPhone.ActiveCfg = Debug|Any CPU
		{B0A28F2F-0518-4889-A88D-2F00E45C1C65}.Debug|iPhone.Build.0 = Debug|Any CPU
		{B0A28F2F-0518-4889-A88D-2F00E45C1C65}.Debug|iPhone.Deploy.0 = Debug|Any CPU
		{B0A28F2F-0518-4889-A88D-2F00E45C1C65}.Debug|iPhoneSimulator.ActiveCfg = Debug|Any CPU
		{B0A28F2F-0518-4889-A88D-2F00E45C1C65}.Debug|iPhoneSimulator.Build.0 = Debug|Any CPU
		{B0A28F2F-0518-4889-A88D-2F00E45C1C65}.Debug|iPhoneSimulator.Deploy.0 = Debug|Any CPU
		{B0A28F2F-0518-4889-A88D-2F00E45C1C65}.Release|Any CPU.ActiveCfg = Release|Any CPU
		{B0A28F2F-0518-4889-A88D-2F00E45C1C65}.Release|Any CPU.Build.0 = Release|Any CPU
		{B0A28F2F-0518-4889-A88D-2F00E45C1C65}.Release|Any CPU.Deploy.0 = Release|Any CPU
		{B0A28F2F-0518-4889-A88D-2F00E45C1C65}.Release|iPhone.ActiveCfg = Release|Any CPU
		{B0A28F2F-0518-4889-A88D-2F00E45C1C65}.Release|iPhone.Build.0 = Release|Any CPU
		{B0A28F2F-0518-4889-A88D-2F00E45C1C65}.Release|iPhone.Deploy.0 = Release|Any CPU
		{B0A28F2F-0518-4889-A88D-2F00E45C1C65}.Release|iPhoneSimulator.ActiveCfg = Release|Any CPU
		{B0A28F2F-0518-4889-A88D-2F00E45C1C65}.Release|iPhoneSimulator.Build.0 = Release|Any CPU
		{B0A28F2F-0518-4889-A88D-2F00E45C1C65}.Release|iPhoneSimulator.Deploy.0 = Release|Any CPU
	EndGlobalSection
	GlobalSection(SolutionProperties) = preSolution
		HideSolutionNode = FALSE
	EndGlobalSection
	GlobalSection(ExtensibilityGlobals) = postSolution
		SolutionGuid = {BE4787EF-7230-47AA-9C4E-05E559EB8087}
	EndGlobalSection
EndGlobal
